// !$*UTF8*$!
{
	archiveVersion = 1;
	classes = {
	};
	objectVersion = 46;
	objects = {

/* Begin PBXBuildFile section */
		3492D0381CD91D1300C4826E /* main.m in Sources */ = {isa = PBXBuildFile; fileRef = 3492D0371CD91D1300C4826E /* main.m */; };
		3492D0401CD91D3D00C4826E /* Box.m in Sources */ = {isa = PBXBuildFile; fileRef = 3492D03F1CD91D3D00C4826E /* Box.m */; };
/* End PBXBuildFile section */

/* Begin PBXCopyFilesBuildPhase section */
		3492D0321CD91D1300C4826E /* CopyFiles */ = {
			isa = PBXCopyFilesBuildPhase;
			buildActionMask = 2147483647;
			dstPath = /usr/share/man/man1/;
			dstSubfolderSpec = 0;
			files = (
			);
			runOnlyForDeploymentPostprocessing = 1;
		};
/* End PBXCopyFilesBuildPhase section */

/* Begin PBXFileReference section */
		3492D0341CD91D1300C4826E /* W1D1 Boxes */ = {isa = PBXFileReference; explicitFileType = "compiled.mach-o.executable"; includeInIndex = 0; path = "W1D1 Boxes"; sourceTree = BUILT_PRODUCTS_DIR; };
		3492D0371CD91D1300C4826E /* main.m */ = {isa = PBXFileReference; lastKnownFileType = sourcecode.c.objc; path = main.m; sourceTree = "<group>"; };
		3492D03E1CD91D3D00C4826E /* Box.h */ = {isa = PBXFileReference; fileEncoding = 4; lastKnownFileType = sourcecode.c.h; path = Box.h; sourceTree = "<group>"; };
		3492D03F1CD91D3D00C4826E /* Box.m */ = {isa = PBXFileReference; fileEncoding = 4; lastKnownFileType = sourcecode.c.objc; path = Box.m; sourceTree = "<group>"; };
/* End PBXFileReference section */

/* Begin PBXFrameworksBuildPhase section */
		3492D0311CD91D1300C4826E /* Frameworks */ = {
			isa = PBXFrameworksBuildPhase;
			buildActionMask = 2147483647;
			files = (
			);
			runOnlyForDeploymentPostprocessing = 0;
		};
/* End PBXFrameworksBuildPhase section */

/* Begin PBXGroup section */
		3492D02B1CD91D1300C4826E = {
			isa = PBXGroup;
			children = (
				3492D0361CD91D1300C4826E /* W1D1 Boxes */,
				3492D0351CD91D1300C4826E /* Products */,
			);
			sourceTree = "<group>";
		};
		3492D0351CD91D1300C4826E /* Products */ = {
			isa = PBXGroup;
			children = (
				3492D0341CD91D1300C4826E /* W1D1 Boxes */,
			);
			name = Products;
			sourceTree = "<group>";
		};
		3492D0361CD91D1300C4826E /* W1D1 Boxes */ = {
			isa = PBXGroup;
			children = (
				3492D0371CD91D1300C4826E /* main.m */,
				3492D03E1CD91D3D00C4826E /* Box.h */,
				3492D03F1CD91D3D00C4826E /* Box.m */,
			);
			path = "W1D1 Boxes";
			sourceTree = "<group>";
		};
/* End PBXGroup section */

/* Begin PBXNativeTarget section */
		3492D0331CD91D1300C4826E /* W1D1 Boxes */ = {
			isa = PBXNativeTarget;
			buildConfigurationList = 3492D03B1CD91D1300C4826E /* Build configuration list for PBXNativeTarget "W1D1 Boxes" */;
			buildPhases = (
				3492D0301CD91D1300C4826E /* Sources */,
				3492D0311CD91D1300C4826E /* Frameworks */,
				3492D0321CD91D1300C4826E /* CopyFiles */,
			);
			buildRules = (
			);
			dependencies = (
			);
			name = "W1D1 Boxes";
			productName = "W1D1 Boxes";
			productReference = 3492D0341CD91D1300C4826E /* W1D1 Boxes */;
			productType = "com.apple.product-type.tool";
		};
/* End PBXNativeTarget section */

/* Begin PBXProject section */
		3492D02C1CD91D1300C4826E /* Project object */ = {
			isa = PBXProject;
			attributes = {
				LastUpgradeCheck = 0730;
				ORGANIZATIONNAME = "Taylor Benna";
				TargetAttributes = {
					3492D0331CD91D1300C4826E = {
						CreatedOnToolsVersion = 7.3;
					};
				};
			};
			buildConfigurationList = 3492D02F1CD91D1300C4826E /* Build configuration list for PBXProject "W1D1 Boxes" */;
			compatibilityVersion = "Xcode 3.2";
			developmentRegion = English;
			hasScannedForEncodings = 0;
			knownRegions = (
				en,
			);
			mainGroup = 3492D02B1CD91D1300C4826E;
			productRefGroup = 3492D0351CD91D1300C4826E /* Products */;
			projectDirPath = "";
			projectRoot = "";
			targets = (
				3492D0331CD91D1300C4826E /* W1D1 Boxes */,
			);
		};
/* End PBXProject section */

/* Begin PBXSourcesBuildPhase section */
		3492D0301CD91D1300C4826E /* Sources */ = {
			isa = PBXSourcesBuildPhase;
			buildActionMask = 2147483647;
			files = (
				3492D0381CD91D1300C4826E /* main.m in Sources */,
				3492D0401CD91D3D00C4826E /* Box.m in Sources */,
			);
			runOnlyForDeploymentPostprocessing = 0;
		};
/* End PBXSourcesBuildPhase section */

/* Begin XCBuildConfiguration section */
		3492D0391CD91D1300C4826E /* Debug */ = {
			isa = XCBuildConfiguration;
			buildSettings = {
				ALWAYS_SEARCH_USER_PATHS = NO;
				CLANG_ANALYZER_NONNULL = YES;
				CLANG_CXX_LANGUAGE_STANDARD = "gnu++0x";
				CLANG_CXX_LIBRARY = "libc++";
				CLANG_ENABLE_MODULES = YES;
				CLANG_ENABLE_OBJC_ARC = YES;
				CLANG_WARN_BOOL_CONVERSION = YES;
				CLANG_WARN_CONSTANT_CONVERSION = YES;
				CLANG_WARN_DIRECT_OBJC_ISA_USAGE = YES_ERROR;
				CLANG_WARN_EMPTY_BODY = YES;
				CLANG_WARN_ENUM_CONVERSION = YES;
				CLANG_WARN_INT_CONVERSION = YES;
				CLANG_WARN_OBJC_ROOT_CLASS = YES_ERROR;
				CLANG_WARN_UNREACHABLE_CODE = YES;
				CLANG_WARN__DUPLICATE_METHOD_MATCH = YES;
				CODE_SIGN_IDENTITY = "-";
				COPY_PHASE_STRIP = NO;
				DEBUG_INFORMATION_FORMAT = dwarf;
				ENABLE_STRICT_OBJC_MSGSEND = YES;
				ENABLE_TESTABILITY = YES;
				GCC_C_LANGUAGE_STANDARD = gnu99;
				GCC_DYNAMIC_NO_PIC = NO;
				GCC_NO_COMMON_BLOCKS = YES;
				GCC_OPTIMIZATION_LEVEL = 0;
				GCC_PREPROCESSOR_DEFINITIONS = (
					"DEBUG=1",
					"$(inherited)",
				);
				GCC_WARN_64_TO_32_BIT_CONVERSION = YES;
				GCC_WARN_ABOUT_RETURN_TYPE = YES_ERROR;
				GCC_WARN_UNDECLARED_SELECTOR = YES;
				GCC_WARN_UNINITIALIZED_AUTOS = YES_AGGRESSIVE;
				GCC_WARN_UNUSED_FUNCTION = YES;
				GCC_WARN_UNUSED_VARIABLE = YES;
				MACOSX_DEPLOYMENT_TARGET = 10.11;
				MTL_ENABLE_DEBUG_INFO = YES;
				ONLY_ACTIVE_ARCH = YES;
				SDKROOT = macosx;
			};
			name = Debug;
		};
		3492D03A1CD91D1300C4826E /* Release */ = {
			isa = XCBuildConfiguration;
			buildSettings = {
				ALWAYS_SEARCH_USER_PATHS = NO;
				CLANG_ANALYZER_NONNULL = YES;
				CLANG_CXX_LANGUAGE_STANDARD = "gnu++0x";
				CLANG_CXX_LIBRARY = "libc++";
				CLANG_ENABLE_MODULES = YES;
				CLANG_ENABLE_OBJC_ARC = YES;
				CLANG_WARN_BOOL_CONVERSION = YES;
				CLANG_WARN_CONSTANT_CONVERSION = YES;
				CLANG_WARN_DIRECT_OBJC_ISA_USAGE = YES_ERROR;
				CLANG_WARN_EMPTY_BODY = YES;
				CLANG_WARN_ENUM_CONVERSION = YES;
				CLANG_WARN_INT_CONVERSION = YES;
				CLANG_WARN_OBJC_ROOT_CLASS = YES_ERROR;
				CLANG_WARN_UNREACHABLE_CODE = YES;
				CLANG_WARN__DUPLICATE_METHOD_MATCH = YES;
				CODE_SIGN_IDENTITY = "-";
				COPY_PHASE_STRIP = NO;
				DEBUG_INFORMATION_FORMAT = "dwarf-with-dsym";
				ENABLE_NS_ASSERTIONS = NO;
				ENABLE_STRICT_OBJC_MSGSEND = YES;
				GCC_C_LANGUAGE_STANDARD = gnu99;
				GCC_NO_COMMON_BLOCKS = YES;
				GCC_WARN_64_TO_32_BIT_CONVERSION = YES;
				GCC_WARN_ABOUT_RETURN_TYPE = YES_ERROR;
				GCC_WARN_UNDECLARED_SELECTOR = YES;
				GCC_WARN_UNINITIALIZED_AUTOS = YES_AGGRESSIVE;
				GCC_WARN_UNUSED_FUNCTION = YES;
				GCC_WARN_UNUSED_VARIABLE = YES;
				MACOSX_DEPLOYMENT_TARGET = 10.11;
				MTL_ENABLE_DEBUG_INFO = NO;
				SDKROOT = macosx;
			};
			name = Release;
		};
		3492D03C1CD91D1300C4826E /* Debug */ = {
			isa = XCBuildConfiguration;
			buildSettings = {
				PRODUCT_NAME = "$(TARGET_NAME)";
			};
			name = Debug;
		};
		3492D03D1CD91D1300C4826E /* Release */ = {
			isa = XCBuildConfiguration;
			buildSettings = {
				PRODUCT_NAME = "$(TARGET_NAME)";
			};
			name = Release;
		};
/* End XCBuildConfiguration section */

/* Begin XCConfigurationList section */
		3492D02F1CD91D1300C4826E /* Build configuration list for PBXProject "W1D1 Boxes" */ = {
			isa = XCConfigurationList;
			buildConfigurations = (
				3492D0391CD91D1300C4826E /* Debug */,
				3492D03A1CD91D1300C4826E /* Release */,
			);
			defaultConfigurationIsVisible = 0;
			defaultConfigurationName = Release;
		};
		3492D03B1CD91D1300C4826E /* Build configuration list for PBXNativeTarget "W1D1 Boxes" */ = {
			isa = XCConfigurationList;
			buildConfigurations = (
				3492D03C1CD91D1300C4826E /* Debug */,
				3492D03D1CD91D1300C4826E /* Release */,
			);
			defaultConfigurationIsVisible = 0;
		};
/* End XCConfigurationList section */
	};
	rootObject = 3492D02C1CD91D1300C4826E /* Project object */;
}
